
Microsoft Visual Studio Solution File, Format Version 12.00
# Visual Studio 15
VisualStudioVersion = 15.0.28307.757
MinimumVisualStudioVersion = 10.0.40219.1
Project("{FAE04EC0-301F-11D3-BF4B-00C04F79EFBC}") = "ProjectEuler", "ProjectEuler\ProjectEuler.csproj", "{950B3707-1C73-4D64-A8C4-C88DC84EEFBF}"
EndProject
Global
	GlobalSection(SolutionConfigurationPlatforms) = preSolution
		Debug|Any CPU = Debug|Any CPU
		Release|Any CPU = Release|Any CPU
	EndGlobalSection
	GlobalSection(ProjectConfigurationPlatforms) = postSolution
		{950B3707-1C73-4D64-A8C4-C88DC84EEFBF}.Debug|Any CPU.ActiveCfg = Debug|Any CPU
		{950B3707-1C73-4D64-A8C4-C88DC84EEFBF}.Debug|Any CPU.Build.0 = Debug|Any CPU
		{950B3707-1C73-4D64-A8C4-C88DC84EEFBF}.Release|Any CPU.ActiveCfg = Release|Any CPU
		{950B3707-1C73-4D64-A8C4-C88DC84EEFBF}.Release|Any CPU.Build.0 = Release|Any CPU
	EndGlobalSection
	GlobalSection(SolutionProperties) = preSolution
		HideSolutionNode = FALSE
	EndGlobalSection
	GlobalSection(ExtensibilityGlobals) = postSolution
		SolutionGuid = {42E7A920-E9B9-4958-A7F8-EAE7B14E83D0}
	EndGlobalSection
EndGlobal
